
Microsoft Visual Studio Solution File, Format Version 12.00
# Visual Studio 15
VisualStudioVersion = 15.0.27703.2035
MinimumVisualStudioVersion = 10.0.40219.1
Project("{888888A0-9F3D-457C-B088-3A5042F75D52}") = "matplotlibstudy", "matplotlibstudy\matplotlibstudy.pyproj", "{A2F574B1-047F-4AC0-B418-83A68EECC315}"
EndProject
Global
	GlobalSection(SolutionConfigurationPlatforms) = preSolution
		Debug|Any CPU = Debug|Any CPU
		Release|Any CPU = Release|Any CPU
	EndGlobalSection
	GlobalSection(ProjectConfigurationPlatforms) = postSolution
		{A2F574B1-047F-4AC0-B418-83A68EECC315}.Debug|Any CPU.ActiveCfg = Debug|Any CPU
		{A2F574B1-047F-4AC0-B418-83A68EECC315}.Release|Any CPU.ActiveCfg = Release|Any CPU
	EndGlobalSection
	GlobalSection(SolutionProperties) = preSolution
		HideSolutionNode = FALSE
	EndGlobalSection
	GlobalSection(ExtensibilityGlobals) = postSolution
		SolutionGuid = {B8ED507E-0B26-4A51-854E-D36B2DA0A2C0}
	EndGlobalSection
EndGlobal
